
Microsoft Visual Studio Solution File, Format Version 12.00
# Visual Studio Version 17
VisualStudioVersion = 17.14.36301.6 d17.14
MinimumVisualStudioVersion = 10.0.40219.1
Project("{FAE04EC0-301F-11D3-BF4B-00C04F79EFBC}") = "ConsoleApp1", "ConsoleApp1\ConsoleApp1.csproj", "{96AE6C22-0917-4346-AABC-1C6978362183}"
EndProject
Global
	GlobalSection(SolutionConfigurationPlatforms) = preSolution
		Debug|Any CPU = Debug|Any CPU
		Release|Any CPU = Release|Any CPU
	EndGlobalSection
	GlobalSection(ProjectConfigurationPlatforms) = postSolution
		{96AE6C22-0917-4346-AABC-1C6978362183}.Debug|Any CPU.ActiveCfg = Debug|Any CPU
		{96AE6C22-0917-4346-AABC-1C6978362183}.Debug|Any CPU.Build.0 = Debug|Any CPU
		{96AE6C22-0917-4346-AABC-1C6978362183}.Release|Any CPU.ActiveCfg = Release|Any CPU
		{96AE6C22-0917-4346-AABC-1C6978362183}.Release|Any CPU.Build.0 = Release|Any CPU
	EndGlobalSection
	GlobalSection(SolutionProperties) = preSolution
		HideSolutionNode = FALSE
	EndGlobalSection
	GlobalSection(ExtensibilityGlobals) = postSolution
		SolutionGuid = {2CACD21E-8D9D-4092-A0CD-BAF6E3074DAA}
	EndGlobalSection
EndGlobal
